[[package]]
name = "autoflake"
version = "1.4"
description = "Removes unused imports and unused variables"
category = "dev"
optional = false
python-versions = "*"

[package.dependencies]
pyflakes = ">=1.1.0"

[package.source]
type = "legacy"
url = "https://pypi.nthnv.me/simple"
    reference = "mypypi"

[[package]]
name = "black"
version = "21.12b0"
description = "The uncompromising code formatter."
category = "dev"
optional = false
python-versions = ">=3.6.2"

[package.dependencies]
click = ">=7.1.2"
mypy-extensions = ">=0.4.3"
pathspec = ">=0.9.0,<1"
platformdirs = ">=2"
tomli = ">=0.2.6,<2.0.0"
typing-extensions = [
    {version = ">=3.10.0.0", markers = "python_version < \"3.10\""},
    {version = "!=3.10.0.1", markers = "python_version >= \"3.10\""},
]

[package.extras]
colorama = ["colorama (>=0.4.3)"]
d = ["aiohttp (>=3.7.4)"]
jupyter = ["ipython (>=7.8.0)", "tokenize-rt (>=3.2.0)"]
python2 = ["typed-ast (>=1.4.3)"]
uvloop = ["uvloop (>=0.15.2)"]

[package.source]
type = "legacy"
url = "https://pypi.nthnv.me/simple"
    reference = "mypypi"

[[package]]
name = "click"
version = "8.0.3"
description = "Composable command line interface toolkit"
category = "dev"
optional = false
python-versions = ">=3.6"

[package.dependencies]
colorama = {version = "*", markers = "platform_system == \"Windows\""}

[package.source]
type = "legacy"
url = "https://pypi.nthnv.me/simple"
    reference = "mypypi"

[[package]]
name = "colorama"
version = "0.4.4"
description = "Cross-platform colored terminal text."
category = "main"
optional = false
python-versions = ">=2.7, !=3.0.*, !=3.1.*, !=3.2.*, !=3.3.*, !=3.4.*"

[package.source]
type = "legacy"
url = "https://pypi.nthnv.me/simple"
    reference = "mypypi"

[[package]]
name = "isort"
version = "5.10.1"
description = "A Python utility / library to sort Python imports."
category = "dev"
optional = false
python-versions = ">=3.6.1,<4.0"

[package.extras]
colors = ["colorama (>=0.4.3,<0.5.0)"]
requirements_deprecated_finder = ["pip-api", "pipreqs"]
pipfile_deprecated_finder = ["pipreqs", "requirementslib"]
plugins = ["setuptools"]

[package.source]
type = "legacy"
url = "https://pypi.nthnv.me/simple"
    reference = "mypypi"

[[package]]
name = "loguru"
version = "0.6.0"
description = "Python logging made (stupidly) simple"
category = "main"
optional = false
python-versions = ">=3.5"

[package.dependencies]
colorama = {version = ">=0.3.4", markers = "sys_platform == \"win32\""}
win32-setctime = {version = ">=1.0.0", markers = "sys_platform == \"win32\""}

[package.extras]
dev = ["colorama (>=0.3.4)", "docutils (==0.16)", "flake8 (>=3.7.7)", "tox (>=3.9.0)", "pytest (>=4.6.2)", "pytest-cov (>=2.7.1)", "black (>=19.10b0)", "isort (>=5.1.1)", "Sphinx (>=4.1.1)", "sphinx-autobuild (>=0.7.1)", "sphinx-rtd-theme (>=0.4.3)"]

[package.source]
type = "legacy"
url = "https://pypi.nthnv.me/simple"
    reference = "mypypi"

[[package]]
name = "mypy-extensions"
version = "0.4.3"
description = "Experimental type system extensions for programs checked with the mypy typechecker."
category = "dev"
optional = false
python-versions = "*"

[package.source]
type = "legacy"
url = "https://pypi.nthnv.me/simple"
    reference = "mypypi"

[[package]]
name = "pathspec"
version = "0.9.0"
description = "Utility library for gitignore style pattern matching of file paths."
category = "dev"
optional = false
python-versions = "!=3.0.*,!=3.1.*,!=3.2.*,!=3.3.*,!=3.4.*,>=2.7"

[package.source]
type = "legacy"
url = "https://pypi.nthnv.me/simple"
    reference = "mypypi"

[[package]]
name = "patool"
version = "1.12"
description = "portable archive file manager"
category = "main"
optional = false
python-versions = "*"

[package.source]
type = "legacy"
url = "https://pypi.nthnv.me/simple"
    reference = "mypypi"

[[package]]
name = "platformdirs"
version = "2.4.1"
description = "A small Python module for determining appropriate platform-specific dirs, e.g. a \"user data dir\"."
category = "dev"
optional = false
python-versions = ">=3.7"

[package.extras]
docs = ["Sphinx (>=4)", "furo (>=2021.7.5b38)", "proselint (>=0.10.2)", "sphinx-autodoc-typehints (>=1.12)"]
test = ["appdirs (==1.4.4)", "pytest (>=6)", "pytest-cov (>=2.7)", "pytest-mock (>=3.6)"]

[package.source]
type = "legacy"
url = "https://pypi.nthnv.me/simple"
    reference = "mypypi"

[[package]]
name = "pyflakes"
version = "2.4.0"
description = "passive checker of Python programs"
category = "dev"
optional = false
python-versions = ">=2.7, !=3.0.*, !=3.1.*, !=3.2.*, !=3.3.*"

[package.source]
type = "legacy"
url = "https://pypi.nthnv.me/simple"
    reference = "mypypi"

[[package]]
name = "pyside6"
version = "6.2.2.1"
description = "Python bindings for the Qt cross-platform application and UI framework"
category = "main"
optional = false
python-versions = ">=3.6, <3.11"

[package.dependencies]
shiboken6 = "6.2.2.1"

[package.source]
type = "legacy"
url = "https://pypi.nthnv.me/simple"
    reference = "mypypi"

[[package]]
name = "shiboken6"
version = "6.2.2.1"
description = "Python / C++ bindings helper module"
category = "main"
optional = false
python-versions = ">=3.6, <3.11"

[package.source]
type = "legacy"
url = "https://pypi.nthnv.me/simple"
    reference = "mypypi"

[[package]]
name = "tomli"
version = "1.2.3"
description = "A lil' TOML parser"
category = "dev"
optional = false
python-versions = ">=3.6"

[package.source]
type = "legacy"
url = "https://pypi.nthnv.me/simple"
    reference = "mypypi"

[[package]]
name = "typing-extensions"
version = "4.0.1"
description = "Backported and Experimental Type Hints for Python 3.6+"
category = "dev"
optional = false
python-versions = ">=3.6"

[package.source]
type = "legacy"
url = "https://pypi.nthnv.me/simple"
    reference = "mypypi"

[[package]]
name = "win32-setctime"
version = "1.1.0"
description = "A small Python utility to set file creation time on Windows"
category = "main"
optional = false
python-versions = ">=3.5"

[package.extras]
dev = ["pytest (>=4.6.2)", "black (>=19.3b0)"]

[package.source]
type = "legacy"
url = "https://pypi.nthnv.me/simple"
    reference = "mypypi"

[metadata]
lock-version = "1.1"
    python-versions = ">=3.9,<3.11"
content-hash = "cf739ddff89ef1a39f81e797b6f114a87400163b256938f50534b18a9c76b79e"

[metadata.files]
autoflake = [
    {file = "autoflake-1.4.tar.gz", hash = "sha256:61a353012cff6ab94ca062823d1fb2f692c4acda51c76ff83a8d77915fba51ea"},
]
black = [
    {file = "black-21.12b0-py3-none-any.whl", hash = "sha256:a615e69ae185e08fdd73e4715e260e2479c861b5740057fde6e8b4e3b7dd589f"},
    {file = "black-21.12b0.tar.gz", hash = "sha256:77b80f693a569e2e527958459634f18df9b0ba2625ba4e0c2d5da5be42e6f2b3"},
]
click = [
    {file = "click-8.0.3-py3-none-any.whl", hash = "sha256:353f466495adaeb40b6b5f592f9f91cb22372351c84caeb068132442a4518ef3"},
    {file = "click-8.0.3.tar.gz", hash = "sha256:410e932b050f5eed773c4cda94de75971c89cdb3155a72a0831139a79e5ecb5b"},
]
colorama = [
    {file = "colorama-0.4.4-py2.py3-none-any.whl", hash = "sha256:9f47eda37229f68eee03b24b9748937c7dc3868f906e8ba69fbcbdd3bc5dc3e2"},
    {file = "colorama-0.4.4.tar.gz", hash = "sha256:5941b2b48a20143d2267e95b1c2a7603ce057ee39fd88e7329b0c292aa16869b"},
]
isort = [
    {file = "isort-5.10.1-py3-none-any.whl", hash = "sha256:6f62d78e2f89b4500b080fe3a81690850cd254227f27f75c3a0c491a1f351ba7"},
    {file = "isort-5.10.1.tar.gz", hash = "sha256:e8443a5e7a020e9d7f97f1d7d9cd17c88bcb3bc7e218bf9cf5095fe550be2951"},
]
loguru = [
    {file = "loguru-0.6.0-py3-none-any.whl", hash = "sha256:4e2414d534a2ab57573365b3e6d0234dfb1d84b68b7f3b948e6fb743860a77c3"},
    {file = "loguru-0.6.0.tar.gz", hash = "sha256:066bd06758d0a513e9836fd9c6b5a75bfb3fd36841f4b996bc60b547a309d41c"},
]
mypy-extensions = [
    {file = "mypy_extensions-0.4.3-py2.py3-none-any.whl", hash = "sha256:090fedd75945a69ae91ce1303b5824f428daf5a028d2f6ab8a299250a846f15d"},
    {file = "mypy_extensions-0.4.3.tar.gz", hash = "sha256:2d82818f5bb3e369420cb3c4060a7970edba416647068eb4c5343488a6c604a8"},
]
pathspec = [
    {file = "pathspec-0.9.0-py2.py3-none-any.whl", hash = "sha256:7d15c4ddb0b5c802d161efc417ec1a2558ea2653c2e8ad9c19098201dc1c993a"},
    {file = "pathspec-0.9.0.tar.gz", hash = "sha256:e564499435a2673d586f6b2130bb5b95f04a3ba06f81b8f895b651a3c76aabb1"},
]
patool = [
    {file = "patool-1.12-py2.py3-none-any.whl", hash = "sha256:3f642549c9a78f5b8bef1af92df385b521d360520d1f34e4dba3fd1dee2a21bc"},
    {file = "patool-1.12.tar.gz", hash = "sha256:e3180cf8bfe13bedbcf6f5628452fca0c2c84a3b5ae8c2d3f55720ea04cb1097"},
]
platformdirs = [
    {file = "platformdirs-2.4.1-py3-none-any.whl", hash = "sha256:1d7385c7db91728b83efd0ca99a5afb296cab9d0ed8313a45ed8ba17967ecfca"},
    {file = "platformdirs-2.4.1.tar.gz", hash = "sha256:440633ddfebcc36264232365d7840a970e75e1018d15b4327d11f91909045fda"},
]
pyflakes = [
    {file = "pyflakes-2.4.0-py2.py3-none-any.whl", hash = "sha256:3bb3a3f256f4b7968c9c788781e4ff07dce46bdf12339dcda61053375426ee2e"},
    {file = "pyflakes-2.4.0.tar.gz", hash = "sha256:05a85c2872edf37a4ed30b0cce2f6093e1d0581f8c19d7393122da7e25b2b24c"},
]
pyside6 = [
    {file = "PySide6-6.2.2.1-6.2.2-cp36.cp37.cp38.cp39.cp310-abi3-macosx_10_14_universal2.whl", hash = "sha256:f9fa755b30bd8098ba3734a8a7e7664b9bf6bf53d7c0462c7e9657f8a8d3392f"},
    {file = "PySide6-6.2.2.1-6.2.2-cp36.cp37.cp38.cp39.cp310-abi3-manylinux1_x86_64.whl", hash = "sha256:5d35206897edc00bfab3c67dcf180e45406a93c8694e68c12364c3f9e370dfc6"},
    {file = "PySide6-6.2.2.1-6.2.2-cp36.cp37.cp38.cp39.cp310-none-win_amd64.whl", hash = "sha256:227597e427f3c516a237e714de8dc30e0a4747607ac2283dd350bd4314605803"},
]
shiboken6 = [
    {file = "shiboken6-6.2.2.1-6.2.2-cp36.cp37.cp38.cp39.cp310-abi3-macosx_10_14_universal2.whl", hash = "sha256:cbffaefe676f5cce4204d16c2d8f794521cb8c66abbe6470d6e5cb2b889c4b88"},
    {file = "shiboken6-6.2.2.1-6.2.2-cp36.cp37.cp38.cp39.cp310-abi3-manylinux1_x86_64.whl", hash = "sha256:325eb45d8ffc59e0cb94d5fb9cdd0a8c28ed1705f3e7fd37c239a1dca50b1c22"},
    {file = "shiboken6-6.2.2.1-6.2.2-cp36.cp37.cp38.cp39.cp310-none-win_amd64.whl", hash = "sha256:a4f267789c18caa60afd23818743a5abe164ed4f89f4eafaf4577d4fa646c293"},
]
tomli = [
    {file = "tomli-1.2.3-py3-none-any.whl", hash = "sha256:e3069e4be3ead9668e21cb9b074cd948f7b3113fd9c8bba083f48247aab8b11c"},
    {file = "tomli-1.2.3.tar.gz", hash = "sha256:05b6166bff487dc068d322585c7ea4ef78deed501cc124060e0f238e89a9231f"},
]
typing-extensions = [
    {file = "typing_extensions-4.0.1-py3-none-any.whl", hash = "sha256:7f001e5ac290a0c0401508864c7ec868be4e701886d5b573a9528ed3973d9d3b"},
    {file = "typing_extensions-4.0.1.tar.gz", hash = "sha256:4ca091dea149f945ec56afb48dae714f21e8692ef22a395223bcd328961b6a0e"},
]
win32-setctime = [
    {file = "win32_setctime-1.1.0-py3-none-any.whl", hash = "sha256:231db239e959c2fe7eb1d7dc129f11172354f98361c4fa2d6d2d7e278baa8aad"},
    {file = "win32_setctime-1.1.0.tar.gz", hash = "sha256:15cf5750465118d6929ae4de4eb46e8edae9a5634350c01ba582df868e932cb2"},
]
