[[package]]
name = "altgraph"
version = "0.17.2"
description = "Python graph (network) package"
category = "dev"
optional = false
python-versions = "*"

[package.source]
type = "legacy"
url = "https://pypi.nthnv.me/simple"
    reference = "mypypi"

[[package]]
name = "autoflake"
version = "1.4"
description = "Removes unused imports and unused variables"
category = "dev"
optional = false
python-versions = "*"

[package.dependencies]
pyflakes = ">=1.1.0"

[package.source]
type = "legacy"
url = "https://pypi.nthnv.me/simple"
    reference = "mypypi"

[[package]]
name = "black"
version = "21.12b0"
description = "The uncompromising code formatter."
category = "dev"
optional = false
python-versions = ">=3.6.2"

[package.dependencies]
click = ">=7.1.2"
mypy-extensions = ">=0.4.3"
pathspec = ">=0.9.0,<1"
platformdirs = ">=2"
tomli = ">=0.2.6,<2.0.0"
typing-extensions = ">=3.10.0.0"

[package.extras]
colorama = ["colorama (>=0.4.3)"]
d = ["aiohttp (>=3.7.4)"]
jupyter = ["ipython (>=7.8.0)", "tokenize-rt (>=3.2.0)"]
python2 = ["typed-ast (>=1.4.3)"]
uvloop = ["uvloop (>=0.15.2)"]

[package.source]
type = "legacy"
url = "https://pypi.nthnv.me/simple"
    reference = "mypypi"

[[package]]
name = "click"
version = "8.0.3"
description = "Composable command line interface toolkit"
category = "dev"
optional = false
python-versions = ">=3.6"

[package.dependencies]
colorama = {version = "*", markers = "platform_system == \"Windows\""}

[package.source]
type = "legacy"
url = "https://pypi.nthnv.me/simple"
    reference = "mypypi"

[[package]]
name = "colorama"
version = "0.4.4"
description = "Cross-platform colored terminal text."
category = "main"
optional = false
python-versions = ">=2.7, !=3.0.*, !=3.1.*, !=3.2.*, !=3.3.*, !=3.4.*"

[package.source]
type = "legacy"
url = "https://pypi.nthnv.me/simple"
    reference = "mypypi"

[[package]]
name = "future"
version = "0.18.2"
description = "Clean single-source support for Python 3 and 2"
category = "dev"
optional = false
python-versions = ">=2.6, !=3.0.*, !=3.1.*, !=3.2.*"

[package.source]
type = "legacy"
url = "https://pypi.nthnv.me/simple"
    reference = "mypypi"

[[package]]
name = "isort"
version = "5.10.1"
description = "A Python utility / library to sort Python imports."
category = "dev"
optional = false
python-versions = ">=3.6.1,<4.0"

[package.extras]
colors = ["colorama (>=0.4.3,<0.5.0)"]
requirements_deprecated_finder = ["pip-api", "pipreqs"]
pipfile_deprecated_finder = ["pipreqs", "requirementslib"]
plugins = ["setuptools"]

[package.source]
type = "legacy"
url = "https://pypi.nthnv.me/simple"
    reference = "mypypi"

[[package]]
name = "loguru"
version = "0.6.0"
description = "Python logging made (stupidly) simple"
category = "main"
optional = false
python-versions = ">=3.5"

[package.dependencies]
colorama = {version = ">=0.3.4", markers = "sys_platform == \"win32\""}
win32-setctime = {version = ">=1.0.0", markers = "sys_platform == \"win32\""}

[package.extras]
dev = ["colorama (>=0.3.4)", "docutils (==0.16)", "flake8 (>=3.7.7)", "tox (>=3.9.0)", "pytest (>=4.6.2)", "pytest-cov (>=2.7.1)", "black (>=19.10b0)", "isort (>=5.1.1)", "Sphinx (>=4.1.1)", "sphinx-autobuild (>=0.7.1)", "sphinx-rtd-theme (>=0.4.3)"]

[package.source]
type = "legacy"
url = "https://pypi.nthnv.me/simple"
    reference = "mypypi"

[[package]]
name = "macholib"
version = "1.15.2"
description = "Mach-O header analysis and editing"
category = "dev"
optional = false
python-versions = "*"

[package.dependencies]
altgraph = ">=0.15"

[package.source]
type = "legacy"
url = "https://pypi.nthnv.me/simple"
    reference = "mypypi"

[[package]]
name = "mypy-extensions"
version = "0.4.3"
description = "Experimental type system extensions for programs checked with the mypy typechecker."
category = "dev"
optional = false
python-versions = "*"

[package.source]
type = "legacy"
url = "https://pypi.nthnv.me/simple"
    reference = "mypypi"

[[package]]
name = "pathspec"
version = "0.9.0"
description = "Utility library for gitignore style pattern matching of file paths."
category = "dev"
optional = false
python-versions = "!=3.0.*,!=3.1.*,!=3.2.*,!=3.3.*,!=3.4.*,>=2.7"

[package.source]
type = "legacy"
url = "https://pypi.nthnv.me/simple"
    reference = "mypypi"

[[package]]
name = "patool"
version = "1.12"
description = "portable archive file manager"
category = "main"
optional = false
python-versions = "*"

[package.source]
type = "legacy"
url = "https://pypi.nthnv.me/simple"
    reference = "mypypi"

[[package]]
name = "pefile"
version = "2021.9.3"
description = "Python PE parsing module"
category = "dev"
optional = false
python-versions = ">=3.6.0"

[package.dependencies]
future = "*"

[package.source]
type = "legacy"
url = "https://pypi.nthnv.me/simple"
    reference = "mypypi"

[[package]]
name = "platformdirs"
version = "2.4.1"
description = "A small Python module for determining appropriate platform-specific dirs, e.g. a \"user data dir\"."
category = "dev"
optional = false
python-versions = ">=3.7"

[package.extras]
docs = ["Sphinx (>=4)", "furo (>=2021.7.5b38)", "proselint (>=0.10.2)", "sphinx-autodoc-typehints (>=1.12)"]
test = ["appdirs (==1.4.4)", "pytest (>=6)", "pytest-cov (>=2.7)", "pytest-mock (>=3.6)"]

[package.source]
type = "legacy"
url = "https://pypi.nthnv.me/simple"
    reference = "mypypi"

[[package]]
name = "pyflakes"
version = "2.4.0"
description = "passive checker of Python programs"
category = "dev"
optional = false
python-versions = ">=2.7, !=3.0.*, !=3.1.*, !=3.2.*, !=3.3.*"

[package.source]
type = "legacy"
url = "https://pypi.nthnv.me/simple"
    reference = "mypypi"

[[package]]
name = "pyinstaller"
version = "4.8"
description = "PyInstaller bundles a Python application and all its dependencies into a single package."
category = "dev"
optional = false
python-versions = "<3.11,>=3.6"

[package.dependencies]
altgraph = "*"
macholib = {version = ">=1.8", markers = "sys_platform == \"darwin\""}
pefile = {version = ">=2017.8.1", markers = "sys_platform == \"win32\""}
pyinstaller-hooks-contrib = ">=2020.6"
pywin32-ctypes = {version = ">=0.2.0", markers = "sys_platform == \"win32\""}

[package.extras]
encryption = ["tinyaes (>=1.0.0)"]
hook_testing = ["pytest (>=2.7.3)", "execnet (>=1.5.0)", "psutil"]

[package.source]
type = "legacy"
url = "https://pypi.nthnv.me/simple"
    reference = "mypypi"

[[package]]
name = "pyinstaller-hooks-contrib"
version = "2022.0"
description = "Community maintained hooks for PyInstaller"
category = "dev"
optional = false
python-versions = "*"

[package.source]
type = "legacy"
url = "https://pypi.nthnv.me/simple"
    reference = "mypypi"

[[package]]
name = "pyside6"
version = "6.2.1"
description = "Python bindings for the Qt cross-platform application and UI framework"
category = "main"
optional = false
python-versions = ">=3.6, <3.11"

[package.dependencies]
shiboken6 = "6.2.1"

[package.source]
type = "legacy"
url = "https://pypi.nthnv.me/simple"
    reference = "mypypi"

[[package]]
name = "pywin32-ctypes"
version = "0.2.0"
description = ""
category = "dev"
optional = false
python-versions = "*"

[package.source]
type = "legacy"
url = "https://pypi.nthnv.me/simple"
    reference = "mypypi"

[[package]]
name = "shiboken6"
version = "6.2.1"
description = "Python / C++ bindings helper module"
category = "main"
optional = false
python-versions = ">=3.6, <3.11"

[package.source]
type = "legacy"
url = "https://pypi.nthnv.me/simple"
    reference = "mypypi"

[[package]]
name = "tomli"
version = "1.2.3"
description = "A lil' TOML parser"
category = "dev"
optional = false
python-versions = ">=3.6"

[package.source]
type = "legacy"
url = "https://pypi.nthnv.me/simple"
    reference = "mypypi"

[[package]]
name = "typing-extensions"
version = "4.0.1"
description = "Backported and Experimental Type Hints for Python 3.6+"
category = "dev"
optional = false
python-versions = ">=3.6"

[package.source]
type = "legacy"
url = "https://pypi.nthnv.me/simple"
    reference = "mypypi"

[[package]]
name = "win32-setctime"
version = "1.1.0"
description = "A small Python utility to set file creation time on Windows"
category = "main"
optional = false
python-versions = ">=3.5"

[package.extras]
dev = ["pytest (>=4.6.2)", "black (>=19.3b0)"]

[package.source]
type = "legacy"
url = "https://pypi.nthnv.me/simple"
    reference = "mypypi"

[metadata]
lock-version = "1.1"
    python-versions = ">=3.9,<3.10"
content-hash = "5bed8016ad5c4ac377d1397d6f6e1e444ac617eaa52695531ed90519b9fca697"

[metadata.files]
altgraph = [
    {file = "altgraph-0.17.2-py2.py3-none-any.whl", hash = "sha256:743628f2ac6a7c26f5d9223c91ed8ecbba535f506f4b6f558885a8a56a105857"},
    {file = "altgraph-0.17.2.tar.gz", hash = "sha256:ebf2269361b47d97b3b88e696439f6e4cbc607c17c51feb1754f90fb79839158"},
]
autoflake = [
    {file = "autoflake-1.4.tar.gz", hash = "sha256:61a353012cff6ab94ca062823d1fb2f692c4acda51c76ff83a8d77915fba51ea"},
]
black = [
    {file = "black-21.12b0-py3-none-any.whl", hash = "sha256:a615e69ae185e08fdd73e4715e260e2479c861b5740057fde6e8b4e3b7dd589f"},
    {file = "black-21.12b0.tar.gz", hash = "sha256:77b80f693a569e2e527958459634f18df9b0ba2625ba4e0c2d5da5be42e6f2b3"},
]
click = [
    {file = "click-8.0.3-py3-none-any.whl", hash = "sha256:353f466495adaeb40b6b5f592f9f91cb22372351c84caeb068132442a4518ef3"},
    {file = "click-8.0.3.tar.gz", hash = "sha256:410e932b050f5eed773c4cda94de75971c89cdb3155a72a0831139a79e5ecb5b"},
]
colorama = [
    {file = "colorama-0.4.4-py2.py3-none-any.whl", hash = "sha256:9f47eda37229f68eee03b24b9748937c7dc3868f906e8ba69fbcbdd3bc5dc3e2"},
    {file = "colorama-0.4.4.tar.gz", hash = "sha256:5941b2b48a20143d2267e95b1c2a7603ce057ee39fd88e7329b0c292aa16869b"},
]
future = [
    {file = "future-0.18.2.tar.gz", hash = "sha256:b1bead90b70cf6ec3f0710ae53a525360fa360d306a86583adc6bf83a4db537d"},
]
isort = [
    {file = "isort-5.10.1-py3-none-any.whl", hash = "sha256:6f62d78e2f89b4500b080fe3a81690850cd254227f27f75c3a0c491a1f351ba7"},
    {file = "isort-5.10.1.tar.gz", hash = "sha256:e8443a5e7a020e9d7f97f1d7d9cd17c88bcb3bc7e218bf9cf5095fe550be2951"},
]
loguru = [
    {file = "loguru-0.6.0-py3-none-any.whl", hash = "sha256:4e2414d534a2ab57573365b3e6d0234dfb1d84b68b7f3b948e6fb743860a77c3"},
    {file = "loguru-0.6.0.tar.gz", hash = "sha256:066bd06758d0a513e9836fd9c6b5a75bfb3fd36841f4b996bc60b547a309d41c"},
]
macholib = [
    {file = "macholib-1.15.2-py2.py3-none-any.whl", hash = "sha256:885613dd02d3e26dbd2b541eb4cc4ce611b841f827c0958ab98656e478b9e6f6"},
    {file = "macholib-1.15.2.tar.gz", hash = "sha256:1542c41da3600509f91c165cb897e7e54c0e74008bd8da5da7ebbee519d593d2"},
]
mypy-extensions = [
    {file = "mypy_extensions-0.4.3-py2.py3-none-any.whl", hash = "sha256:090fedd75945a69ae91ce1303b5824f428daf5a028d2f6ab8a299250a846f15d"},
    {file = "mypy_extensions-0.4.3.tar.gz", hash = "sha256:2d82818f5bb3e369420cb3c4060a7970edba416647068eb4c5343488a6c604a8"},
]
pathspec = [
    {file = "pathspec-0.9.0-py2.py3-none-any.whl", hash = "sha256:7d15c4ddb0b5c802d161efc417ec1a2558ea2653c2e8ad9c19098201dc1c993a"},
    {file = "pathspec-0.9.0.tar.gz", hash = "sha256:e564499435a2673d586f6b2130bb5b95f04a3ba06f81b8f895b651a3c76aabb1"},
]
patool = [
    {file = "patool-1.12-py2.py3-none-any.whl", hash = "sha256:3f642549c9a78f5b8bef1af92df385b521d360520d1f34e4dba3fd1dee2a21bc"},
    {file = "patool-1.12.tar.gz", hash = "sha256:e3180cf8bfe13bedbcf6f5628452fca0c2c84a3b5ae8c2d3f55720ea04cb1097"},
]
pefile = [
    {file = "pefile-2021.9.3.tar.gz", hash = "sha256:344a49e40a94e10849f0fe34dddc80f773a12b40675bf2f7be4b8be578bdd94a"},
]
platformdirs = [
    {file = "platformdirs-2.4.1-py3-none-any.whl", hash = "sha256:1d7385c7db91728b83efd0ca99a5afb296cab9d0ed8313a45ed8ba17967ecfca"},
    {file = "platformdirs-2.4.1.tar.gz", hash = "sha256:440633ddfebcc36264232365d7840a970e75e1018d15b4327d11f91909045fda"},
]
pyflakes = [
    {file = "pyflakes-2.4.0-py2.py3-none-any.whl", hash = "sha256:3bb3a3f256f4b7968c9c788781e4ff07dce46bdf12339dcda61053375426ee2e"},
    {file = "pyflakes-2.4.0.tar.gz", hash = "sha256:05a85c2872edf37a4ed30b0cce2f6093e1d0581f8c19d7393122da7e25b2b24c"},
]
pyinstaller = [
    {file = "pyinstaller-4.8-py3-none-macosx_10_13_universal2.whl", hash = "sha256:b0b3a31aa60292469f9595f298e2c147cba29c30edcd92a38fdce27727809625"},
    {file = "pyinstaller-4.8-py3-none-manylinux2014_aarch64.whl", hash = "sha256:9fbb05f5f67862005234da8c7eac69ef87e086f90e345749260051b031774c52"},
    {file = "pyinstaller-4.8-py3-none-manylinux2014_i686.whl", hash = "sha256:15d9266d78dc757c103962826e62bce1513825078160be580534ead2ef53087c"},
    {file = "pyinstaller-4.8-py3-none-manylinux2014_ppc64le.whl", hash = "sha256:5c2fd5f18c0397f3d9160446035556afc7f6446fd88048887fdf46eadf85c5ec"},
    {file = "pyinstaller-4.8-py3-none-manylinux2014_s390x.whl", hash = "sha256:6f5cdc39fbdec7b2e0c46cc0f5bd0071bb85e592e324bf4e15375c5ff19e55fc"},
    {file = "pyinstaller-4.8-py3-none-manylinux2014_x86_64.whl", hash = "sha256:4c848720a65a5bd41249bc804d1bd3dd089bb56aef7f1c5e11f774f11e649443"},
    {file = "pyinstaller-4.8-py3-none-musllinux_1_1_aarch64.whl", hash = "sha256:44783d58ac4cb0a74a4f2180da4dacbe6a7a013a62b3aa10be6082252e296954"},
    {file = "pyinstaller-4.8-py3-none-musllinux_1_1_x86_64.whl", hash = "sha256:b720853a00bd9547b7d6403d85f23b7f7e451e41bc907673d9fc7f8d9d274594"},
    {file = "pyinstaller-4.8-py3-none-win32.whl", hash = "sha256:53ed05214dd67624756fe4e82e861857921a79d0392debf8c9f5bb0ba5a479b6"},
    {file = "pyinstaller-4.8-py3-none-win_amd64.whl", hash = "sha256:f00e1296abac71f3b5bb9fdc2e0d4c079201d62faeeeb894ccadd0616179fee3"},
    {file = "pyinstaller-4.8.tar.gz", hash = "sha256:7ae868bbcc502832a2c802c84a1dbb9f48b44445c50144c29bfcd7b760140e13"},
]
pyinstaller-hooks-contrib = [
    {file = "pyinstaller-hooks-contrib-2022.0.tar.gz", hash = "sha256:61b667f51b2525377fae30793f38fd9752a08032c72b209effabf707c840cc38"},
    {file = "pyinstaller_hooks_contrib-2022.0-py2.py3-none-any.whl", hash = "sha256:29f0bd8fbb2ff6f2df60a0c147e5b5ad65ae5c1a982d90641a5f712de03fa161"},
]
pyside6 = [
    {file = "PySide6-6.2.1-6.2.1-cp36.cp37.cp38.cp39.cp310-abi3-macosx_10_14_x86_64.whl", hash = "sha256:f1ac2cd8b9712d2a2fbe0780a895afc0d4cdb7869d698d64ea75bde6b862ed8a"},
    {file = "PySide6-6.2.1-6.2.1-cp36.cp37.cp38.cp39.cp310-abi3-manylinux1_x86_64.whl", hash = "sha256:8fd5a9d0948392098f293a82ecf44d3daf347704e8058c654b4b5fdd2d96ee68"},
    {file = "PySide6-6.2.1-6.2.1-cp36.cp37.cp38.cp39.cp310-none-win_amd64.whl", hash = "sha256:9e2397584304c3d3084dabae0571bd879f0b12145ec81a31873872a26abd9010"},
]
pywin32-ctypes = [
    {file = "pywin32-ctypes-0.2.0.tar.gz", hash = "sha256:24ffc3b341d457d48e8922352130cf2644024a4ff09762a2261fd34c36ee5942"},
    {file = "pywin32_ctypes-0.2.0-py2.py3-none-any.whl", hash = "sha256:9dc2d991b3479cc2df15930958b674a48a227d5361d413827a4cfd0b5876fc98"},
]
shiboken6 = [
    {file = "shiboken6-6.2.1-6.2.1-cp36.cp37.cp38.cp39.cp310-abi3-macosx_10_14_x86_64.whl", hash = "sha256:6f89e4725eb19898bfbc717b593f94398c68c4224e8b2631077b623080e0b8f5"},
    {file = "shiboken6-6.2.1-6.2.1-cp36.cp37.cp38.cp39.cp310-abi3-manylinux1_x86_64.whl", hash = "sha256:fe719fe5084be5e39802035e668de85899cfd9ee7b5a65729efb59f703258b51"},
    {file = "shiboken6-6.2.1-6.2.1-cp36.cp37.cp38.cp39.cp310-none-win_amd64.whl", hash = "sha256:7cb9713ae9c1bf69ad6592b4ce939a4e9c148aaf2c01445e0a13fd7f8490d55e"},
]
tomli = [
    {file = "tomli-1.2.3-py3-none-any.whl", hash = "sha256:e3069e4be3ead9668e21cb9b074cd948f7b3113fd9c8bba083f48247aab8b11c"},
    {file = "tomli-1.2.3.tar.gz", hash = "sha256:05b6166bff487dc068d322585c7ea4ef78deed501cc124060e0f238e89a9231f"},
]
typing-extensions = [
    {file = "typing_extensions-4.0.1-py3-none-any.whl", hash = "sha256:7f001e5ac290a0c0401508864c7ec868be4e701886d5b573a9528ed3973d9d3b"},
    {file = "typing_extensions-4.0.1.tar.gz", hash = "sha256:4ca091dea149f945ec56afb48dae714f21e8692ef22a395223bcd328961b6a0e"},
]
win32-setctime = [
    {file = "win32_setctime-1.1.0-py3-none-any.whl", hash = "sha256:231db239e959c2fe7eb1d7dc129f11172354f98361c4fa2d6d2d7e278baa8aad"},
    {file = "win32_setctime-1.1.0.tar.gz", hash = "sha256:15cf5750465118d6929ae4de4eb46e8edae9a5634350c01ba582df868e932cb2"},
]
